
Microsoft Visual Studio Solution File, Format Version 12.00
# Visual Studio Version 16
VisualStudioVersion = 16.0.29911.84
MinimumVisualStudioVersion = 10.0.40219.1
Project("{8BC9CEB8-8B4A-11D0-8D11-00A0C91BC942}") = "CPP 2004 AIP", "CPP 2004 AIP.vcxproj", "{57B0957C-FB77-4728-8682-CE4BBEC55DF6}"
EndProject
Global
	GlobalSection(SolutionConfigurationPlatforms) = preSolution
		Debug|x64 = Debug|x64
		Debug|x86 = Debug|x86
		Release|x64 = Release|x64
		Release|x86 = Release|x86
	EndGlobalSection
	GlobalSection(ProjectConfigurationPlatforms) = postSolution
		{57B0957C-FB77-4728-8682-CE4BBEC55DF6}.Debug|x64.ActiveCfg = Debug|x64
		{57B0957C-FB77-4728-8682-CE4BBEC55DF6}.Debug|x64.Build.0 = Debug|x64
		{57B0957C-FB77-4728-8682-CE4BBEC55DF6}.Debug|x86.ActiveCfg = Debug|Win32
		{57B0957C-FB77-4728-8682-CE4BBEC55DF6}.Debug|x86.Build.0 = Debug|Win32
		{57B0957C-FB77-4728-8682-CE4BBEC55DF6}.Release|x64.ActiveCfg = Release|x64
		{57B0957C-FB77-4728-8682-CE4BBEC55DF6}.Release|x64.Build.0 = Release|x64
		{57B0957C-FB77-4728-8682-CE4BBEC55DF6}.Release|x86.ActiveCfg = Release|Win32
		{57B0957C-FB77-4728-8682-CE4BBEC55DF6}.Release|x86.Build.0 = Release|Win32
	EndGlobalSection
	GlobalSection(SolutionProperties) = preSolution
		HideSolutionNode = FALSE
	EndGlobalSection
	GlobalSection(ExtensibilityGlobals) = postSolution
		SolutionGuid = {B3736A33-0161-487F-926A-1972D17453B4}
	EndGlobalSection
EndGlobal
